
Microsoft Visual Studio Solution File, Format Version 12.00
# Visual Studio Version 17
VisualStudioVersion = 17.6.33712.159
MinimumVisualStudioVersion = 10.0.40219.1
Project("{FAE04EC0-301F-11D3-BF4B-00C04F79EFBC}") = "SimpleCalc", "SimpleCalc\SimpleCalc.csproj", "{9AC6326E-B026-4C5A-AC7A-755B694AE32D}"
EndProject
Global
	GlobalSection(SolutionConfigurationPlatforms) = preSolution
		Debug|Any CPU = Debug|Any CPU
		Release|Any CPU = Release|Any CPU
	EndGlobalSection
	GlobalSection(ProjectConfigurationPlatforms) = postSolution
		{9AC6326E-B026-4C5A-AC7A-755B694AE32D}.Debug|Any CPU.ActiveCfg = Debug|Any CPU
		{9AC6326E-B026-4C5A-AC7A-755B694AE32D}.Debug|Any CPU.Build.0 = Debug|Any CPU
		{9AC6326E-B026-4C5A-AC7A-755B694AE32D}.Release|Any CPU.ActiveCfg = Release|Any CPU
		{9AC6326E-B026-4C5A-AC7A-755B694AE32D}.Release|Any CPU.Build.0 = Release|Any CPU
	EndGlobalSection
	GlobalSection(SolutionProperties) = preSolution
		HideSolutionNode = FALSE
	EndGlobalSection
	GlobalSection(ExtensibilityGlobals) = postSolution
		SolutionGuid = {91A0BA97-F7E2-4E58-B88C-46AE80F9DFA6}
	EndGlobalSection
EndGlobal
